
Microsoft Visual Studio Solution File, Format Version 12.00
# Visual Studio Version 16
VisualStudioVersion = 16.0.31129.286
MinimumVisualStudioVersion = 10.0.40219.1
Project("{FAE04EC0-301F-11D3-BF4B-00C04F79EFBC}") = "PersonApp.Api", "PersonApp.Api.csproj", "{EF19B221-4B1D-494A-875D-3E7A785D277F}"
EndProject
Project("{FAE04EC0-301F-11D3-BF4B-00C04F79EFBC}") = "PersonApp.Domain", "..\PersonApp.Domain\PersonApp.Domain.csproj", "{0B901430-9F3C-450F-B9A5-167E12D82D8F}"
EndProject
Project("{FAE04EC0-301F-11D3-BF4B-00C04F79EFBC}") = "PersonApp.DAL", "..\PersonApp.DAL\PersonApp.DAL.csproj", "{71DEC3EA-211F-48B4-A329-850755F7A1AB}"
EndProject
Project("{FAE04EC0-301F-11D3-BF4B-00C04F79EFBC}") = "PersonApp.Services", "..\PersonApp.Services\PersonApp.Services.csproj", "{C21C8275-36E2-469B-BA2A-049CE99AD1BE}"
EndProject
Project("{FAE04EC0-301F-11D3-BF4B-00C04F79EFBC}") = "PersonApp.PersistenceDB", "..\PersonApp.PersistenceDB\PersonApp.PersistenceDB.csproj", "{5B0B4BDF-A712-4404-971E-6A785E0CEE30}"
EndProject
Global
	GlobalSection(SolutionConfigurationPlatforms) = preSolution
		Debug|Any CPU = Debug|Any CPU
		Release|Any CPU = Release|Any CPU
	EndGlobalSection
	GlobalSection(ProjectConfigurationPlatforms) = postSolution
		{EF19B221-4B1D-494A-875D-3E7A785D277F}.Debug|Any CPU.ActiveCfg = Debug|Any CPU
		{EF19B221-4B1D-494A-875D-3E7A785D277F}.Debug|Any CPU.Build.0 = Debug|Any CPU
		{EF19B221-4B1D-494A-875D-3E7A785D277F}.Release|Any CPU.ActiveCfg = Release|Any CPU
		{EF19B221-4B1D-494A-875D-3E7A785D277F}.Release|Any CPU.Build.0 = Release|Any CPU
		{0B901430-9F3C-450F-B9A5-167E12D82D8F}.Debug|Any CPU.ActiveCfg = Debug|Any CPU
		{0B901430-9F3C-450F-B9A5-167E12D82D8F}.Debug|Any CPU.Build.0 = Debug|Any CPU
		{0B901430-9F3C-450F-B9A5-167E12D82D8F}.Release|Any CPU.ActiveCfg = Release|Any CPU
		{0B901430-9F3C-450F-B9A5-167E12D82D8F}.Release|Any CPU.Build.0 = Release|Any CPU
		{71DEC3EA-211F-48B4-A329-850755F7A1AB}.Debug|Any CPU.ActiveCfg = Debug|Any CPU
		{71DEC3EA-211F-48B4-A329-850755F7A1AB}.Debug|Any CPU.Build.0 = Debug|Any CPU
		{71DEC3EA-211F-48B4-A329-850755F7A1AB}.Release|Any CPU.ActiveCfg = Release|Any CPU
		{71DEC3EA-211F-48B4-A329-850755F7A1AB}.Release|Any CPU.Build.0 = Release|Any CPU
		{C21C8275-36E2-469B-BA2A-049CE99AD1BE}.Debug|Any CPU.ActiveCfg = Debug|Any CPU
		{C21C8275-36E2-469B-BA2A-049CE99AD1BE}.Debug|Any CPU.Build.0 = Debug|Any CPU
		{C21C8275-36E2-469B-BA2A-049CE99AD1BE}.Release|Any CPU.ActiveCfg = Release|Any CPU
		{C21C8275-36E2-469B-BA2A-049CE99AD1BE}.Release|Any CPU.Build.0 = Release|Any CPU
		{5B0B4BDF-A712-4404-971E-6A785E0CEE30}.Debug|Any CPU.ActiveCfg = Debug|Any CPU
		{5B0B4BDF-A712-4404-971E-6A785E0CEE30}.Debug|Any CPU.Build.0 = Debug|Any CPU
		{5B0B4BDF-A712-4404-971E-6A785E0CEE30}.Release|Any CPU.ActiveCfg = Release|Any CPU
		{5B0B4BDF-A712-4404-971E-6A785E0CEE30}.Release|Any CPU.Build.0 = Release|Any CPU
	EndGlobalSection
	GlobalSection(SolutionProperties) = preSolution
		HideSolutionNode = FALSE
	EndGlobalSection
	GlobalSection(ExtensibilityGlobals) = postSolution
		SolutionGuid = {3DAA6BCA-EB82-4C05-AE8A-7B3230F5CE5B}
	EndGlobalSection
EndGlobal
